
Microsoft Visual Studio Solution File, Format Version 12.00
# Visual Studio 14
VisualStudioVersion = 14.0.23107.0
MinimumVisualStudioVersion = 10.0.40219.1
Project("{FAE04EC0-301F-11D3-BF4B-00C04F79EFBC}") = "SimpleServer", "SimpleServer\SimpleServer.csproj", "{B8DBC316-EA59-4DDE-9511-42CB03FDFC0B}"
EndProject
Project("{FAE04EC0-301F-11D3-BF4B-00C04F79EFBC}") = "SimpleClient", "SimpleClient\SimpleClient.csproj", "{6744FAD7-2EED-446D-A28B-D12231C8C606}"
EndProject
Global
	GlobalSection(SolutionConfigurationPlatforms) = preSolution
		Debug|Any CPU = Debug|Any CPU
		Release|Any CPU = Release|Any CPU
	EndGlobalSection
	GlobalSection(ProjectConfigurationPlatforms) = postSolution
		{B8DBC316-EA59-4DDE-9511-42CB03FDFC0B}.Debug|Any CPU.ActiveCfg = Debug|Any CPU
		{B8DBC316-EA59-4DDE-9511-42CB03FDFC0B}.Debug|Any CPU.Build.0 = Debug|Any CPU
		{B8DBC316-EA59-4DDE-9511-42CB03FDFC0B}.Release|Any CPU.ActiveCfg = Release|Any CPU
		{B8DBC316-EA59-4DDE-9511-42CB03FDFC0B}.Release|Any CPU.Build.0 = Release|Any CPU
		{6744FAD7-2EED-446D-A28B-D12231C8C606}.Debug|Any CPU.ActiveCfg = Debug|Any CPU
		{6744FAD7-2EED-446D-A28B-D12231C8C606}.Debug|Any CPU.Build.0 = Debug|Any CPU
		{6744FAD7-2EED-446D-A28B-D12231C8C606}.Release|Any CPU.ActiveCfg = Release|Any CPU
		{6744FAD7-2EED-446D-A28B-D12231C8C606}.Release|Any CPU.Build.0 = Release|Any CPU
	EndGlobalSection
	GlobalSection(SolutionProperties) = preSolution
		HideSolutionNode = FALSE
	EndGlobalSection
EndGlobal
