
Microsoft Visual Studio Solution File, Format Version 12.00
# Visual Studio 14
VisualStudioVersion = 14.0.23107.0
MinimumVisualStudioVersion = 10.0.40219.1
Project("{FAE04EC0-301F-11D3-BF4B-00C04F79EFBC}") = "OccurrenceGenerator", "OccurrenceGenerator\OccurrenceGenerator.csproj", "{22036215-6DDE-47EE-B161-CA6EDA71AEF0}"
EndProject
Project("{FAE04EC0-301F-11D3-BF4B-00C04F79EFBC}") = "DataCollector", "DataCollector\DataCollector.csproj", "{98C97915-AD05-4BE2-A640-69C7A397FCC4}"
EndProject
Project("{FAE04EC0-301F-11D3-BF4B-00C04F79EFBC}") = "Dashboard", "Dashboard\Dashboard.csproj", "{E2400FC5-40AA-45DB-BDC8-0BB2D913E2CE}"
EndProject
Global
	GlobalSection(SolutionConfigurationPlatforms) = preSolution
		Debug|Any CPU = Debug|Any CPU
		Release|Any CPU = Release|Any CPU
	EndGlobalSection
	GlobalSection(ProjectConfigurationPlatforms) = postSolution
		{22036215-6DDE-47EE-B161-CA6EDA71AEF0}.Debug|Any CPU.ActiveCfg = Debug|Any CPU
		{22036215-6DDE-47EE-B161-CA6EDA71AEF0}.Debug|Any CPU.Build.0 = Debug|Any CPU
		{22036215-6DDE-47EE-B161-CA6EDA71AEF0}.Release|Any CPU.ActiveCfg = Release|Any CPU
		{22036215-6DDE-47EE-B161-CA6EDA71AEF0}.Release|Any CPU.Build.0 = Release|Any CPU
		{98C97915-AD05-4BE2-A640-69C7A397FCC4}.Debug|Any CPU.ActiveCfg = Debug|Any CPU
		{98C97915-AD05-4BE2-A640-69C7A397FCC4}.Debug|Any CPU.Build.0 = Debug|Any CPU
		{98C97915-AD05-4BE2-A640-69C7A397FCC4}.Release|Any CPU.ActiveCfg = Release|Any CPU
		{98C97915-AD05-4BE2-A640-69C7A397FCC4}.Release|Any CPU.Build.0 = Release|Any CPU
		{E2400FC5-40AA-45DB-BDC8-0BB2D913E2CE}.Debug|Any CPU.ActiveCfg = Debug|Any CPU
		{E2400FC5-40AA-45DB-BDC8-0BB2D913E2CE}.Debug|Any CPU.Build.0 = Debug|Any CPU
		{E2400FC5-40AA-45DB-BDC8-0BB2D913E2CE}.Release|Any CPU.ActiveCfg = Release|Any CPU
		{E2400FC5-40AA-45DB-BDC8-0BB2D913E2CE}.Release|Any CPU.Build.0 = Release|Any CPU
	EndGlobalSection
	GlobalSection(SolutionProperties) = preSolution
		HideSolutionNode = FALSE
	EndGlobalSection
EndGlobal
